
Microsoft Visual Studio Solution File, Format Version 12.00
# Visual Studio Version 17
VisualStudioVersion = 17.7.34031.279
MinimumVisualStudioVersion = 10.0.40219.1
Project("{FAE04EC0-301F-11D3-BF4B-00C04F79EFBC}") = "capaPresentacionOC", "capaPresentacionSP\capaPresentacionOC.csproj", "{217B6586-5D80-4181-8B20-7D9F7998E030}"
EndProject
Project("{2150E333-8FDC-42A3-9474-1A3956D46DE8}") = "FormOrdenDeCompra", "FormOrdenDeCompra", "{45F6ED77-98AD-45C9-A9C9-C8C29CC21F36}"
EndProject
Project("{FAE04EC0-301F-11D3-BF4B-00C04F79EFBC}") = "capaDatosOC", "capaDatosOC\capaDatosOC.csproj", "{8B042F58-B72E-448A-91F8-A8A4B65C2934}"
EndProject
Project("{FAE04EC0-301F-11D3-BF4B-00C04F79EFBC}") = "capaEntidadOC", "capaEntidadOC\capaEntidadOC.csproj", "{30C5FB3E-2CE5-45BE-92CF-7B0AC66DB00C}"
EndProject
Project("{FAE04EC0-301F-11D3-BF4B-00C04F79EFBC}") = "capaLogicaOC", "capaLogicaOC\capaLogicaOC.csproj", "{DC094DF2-F1CC-4141-BA32-5992F156A646}"
EndProject
Project("{2150E333-8FDC-42A3-9474-1A3956D46DE8}") = "FormPresupuesto", "FormPresupuesto", "{DAD364B4-51B9-47B6-B9C4-F98F1BAD3027}"
EndProject
Project("{2150E333-8FDC-42A3-9474-1A3956D46DE8}") = "FormProveedor", "FormProveedor", "{47AC621D-F9B8-4193-895A-BFE110A6A448}"
EndProject
Project("{2150E333-8FDC-42A3-9474-1A3956D46DE8}") = "FormCotizacion", "FormCotizacion", "{5FEC8515-6F21-45F7-B3A8-6D6CD4BEA6FF}"
EndProject
Project("{FAE04EC0-301F-11D3-BF4B-00C04F79EFBC}") = "capaPresentacionC", "capaPresentacionC\capaPresentacionC.csproj", "{2984E335-E55F-48ED-B126-8818E16DEB0C}"
EndProject
Project("{FAE04EC0-301F-11D3-BF4B-00C04F79EFBC}") = "capaDatosC", "capaDatosC\capaDatosC.csproj", "{AB02E323-953D-4A26-B6D7-900EC7229631}"
EndProject
Project("{FAE04EC0-301F-11D3-BF4B-00C04F79EFBC}") = "capaLogicaC", "capaLogicaC\capaLogicaC.csproj", "{A27FC228-EB7A-4844-97AF-AA83360D7D85}"
EndProject
Project("{FAE04EC0-301F-11D3-BF4B-00C04F79EFBC}") = "capaEntidadC", "capaEntidadC\capaEntidadC.csproj", "{146678BD-C781-49DD-94AA-36DDC4239BB8}"
EndProject
Project("{FAE04EC0-301F-11D3-BF4B-00C04F79EFBC}") = "capaPresentacionP", "capaPresentacionP\capaPresentacionP.csproj", "{38880903-7C6C-466C-B647-099475DA72A6}"
EndProject
Project("{FAE04EC0-301F-11D3-BF4B-00C04F79EFBC}") = "capaDatosP", "capaDatosP\capaDatosP.csproj", "{43BDC0F3-F3C6-4F06-9EC1-ABFCFDD57FD9}"
EndProject
Project("{FAE04EC0-301F-11D3-BF4B-00C04F79EFBC}") = "capaLogicaP", "capaLogicaP\capaLogicaP.csproj", "{B23BD248-6E93-492B-AF18-CD395A7434AB}"
EndProject
Project("{FAE04EC0-301F-11D3-BF4B-00C04F79EFBC}") = "capaEntidadP", "capaEntidadP\capaEntidadP.csproj", "{DE9327F2-E0B8-4001-BB15-64ED6605C1CD}"
EndProject
Project("{FAE04EC0-301F-11D3-BF4B-00C04F79EFBC}") = "capaPresentacionPV", "capaPresentacionPV\capaPresentacionPV.csproj", "{BEA9E2B3-5A08-4B39-AAB4-324A177DC7FB}"
EndProject
Project("{FAE04EC0-301F-11D3-BF4B-00C04F79EFBC}") = "capaDatosPV", "capaDatosPV\capaDatosPV.csproj", "{052852A2-F625-4F28-AEF2-6CAAD754468D}"
EndProject
Project("{FAE04EC0-301F-11D3-BF4B-00C04F79EFBC}") = "capaLogicaPV", "capaLogicaPV\capaLogicaPV.csproj", "{09DAA604-9E1E-4379-9C00-C55544668AA7}"
EndProject
Project("{FAE04EC0-301F-11D3-BF4B-00C04F79EFBC}") = "capaEntidadPV", "capaEntidadPV\capaEntidadPV.csproj", "{A17A3A77-9DB4-4514-97AA-315451089E46}"
EndProject
Global
	GlobalSection(SolutionConfigurationPlatforms) = preSolution
		Debug|Any CPU = Debug|Any CPU
		Release|Any CPU = Release|Any CPU
	EndGlobalSection
	GlobalSection(ProjectConfigurationPlatforms) = postSolution
		{217B6586-5D80-4181-8B20-7D9F7998E030}.Debug|Any CPU.ActiveCfg = Debug|Any CPU
		{217B6586-5D80-4181-8B20-7D9F7998E030}.Debug|Any CPU.Build.0 = Debug|Any CPU
		{217B6586-5D80-4181-8B20-7D9F7998E030}.Release|Any CPU.ActiveCfg = Release|Any CPU
		{217B6586-5D80-4181-8B20-7D9F7998E030}.Release|Any CPU.Build.0 = Release|Any CPU
		{8B042F58-B72E-448A-91F8-A8A4B65C2934}.Debug|Any CPU.ActiveCfg = Debug|Any CPU
		{8B042F58-B72E-448A-91F8-A8A4B65C2934}.Debug|Any CPU.Build.0 = Debug|Any CPU
		{8B042F58-B72E-448A-91F8-A8A4B65C2934}.Release|Any CPU.ActiveCfg = Release|Any CPU
		{8B042F58-B72E-448A-91F8-A8A4B65C2934}.Release|Any CPU.Build.0 = Release|Any CPU
		{30C5FB3E-2CE5-45BE-92CF-7B0AC66DB00C}.Debug|Any CPU.ActiveCfg = Debug|Any CPU
		{30C5FB3E-2CE5-45BE-92CF-7B0AC66DB00C}.Debug|Any CPU.Build.0 = Debug|Any CPU
		{30C5FB3E-2CE5-45BE-92CF-7B0AC66DB00C}.Release|Any CPU.ActiveCfg = Release|Any CPU
		{30C5FB3E-2CE5-45BE-92CF-7B0AC66DB00C}.Release|Any CPU.Build.0 = Release|Any CPU
		{DC094DF2-F1CC-4141-BA32-5992F156A646}.Debug|Any CPU.ActiveCfg = Debug|Any CPU
		{DC094DF2-F1CC-4141-BA32-5992F156A646}.Debug|Any CPU.Build.0 = Debug|Any CPU
		{DC094DF2-F1CC-4141-BA32-5992F156A646}.Release|Any CPU.ActiveCfg = Release|Any CPU
		{DC094DF2-F1CC-4141-BA32-5992F156A646}.Release|Any CPU.Build.0 = Release|Any CPU
		{2984E335-E55F-48ED-B126-8818E16DEB0C}.Debug|Any CPU.ActiveCfg = Debug|Any CPU
		{2984E335-E55F-48ED-B126-8818E16DEB0C}.Debug|Any CPU.Build.0 = Debug|Any CPU
		{2984E335-E55F-48ED-B126-8818E16DEB0C}.Release|Any CPU.ActiveCfg = Release|Any CPU
		{2984E335-E55F-48ED-B126-8818E16DEB0C}.Release|Any CPU.Build.0 = Release|Any CPU
		{AB02E323-953D-4A26-B6D7-900EC7229631}.Debug|Any CPU.ActiveCfg = Debug|Any CPU
		{AB02E323-953D-4A26-B6D7-900EC7229631}.Debug|Any CPU.Build.0 = Debug|Any CPU
		{AB02E323-953D-4A26-B6D7-900EC7229631}.Release|Any CPU.ActiveCfg = Release|Any CPU
		{AB02E323-953D-4A26-B6D7-900EC7229631}.Release|Any CPU.Build.0 = Release|Any CPU
		{A27FC228-EB7A-4844-97AF-AA83360D7D85}.Debug|Any CPU.ActiveCfg = Debug|Any CPU
		{A27FC228-EB7A-4844-97AF-AA83360D7D85}.Debug|Any CPU.Build.0 = Debug|Any CPU
		{A27FC228-EB7A-4844-97AF-AA83360D7D85}.Release|Any CPU.ActiveCfg = Release|Any CPU
		{A27FC228-EB7A-4844-97AF-AA83360D7D85}.Release|Any CPU.Build.0 = Release|Any CPU
		{146678BD-C781-49DD-94AA-36DDC4239BB8}.Debug|Any CPU.ActiveCfg = Debug|Any CPU
		{146678BD-C781-49DD-94AA-36DDC4239BB8}.Debug|Any CPU.Build.0 = Debug|Any CPU
		{146678BD-C781-49DD-94AA-36DDC4239BB8}.Release|Any CPU.ActiveCfg = Release|Any CPU
		{146678BD-C781-49DD-94AA-36DDC4239BB8}.Release|Any CPU.Build.0 = Release|Any CPU
		{38880903-7C6C-466C-B647-099475DA72A6}.Debug|Any CPU.ActiveCfg = Debug|Any CPU
		{38880903-7C6C-466C-B647-099475DA72A6}.Debug|Any CPU.Build.0 = Debug|Any CPU
		{38880903-7C6C-466C-B647-099475DA72A6}.Release|Any CPU.ActiveCfg = Release|Any CPU
		{38880903-7C6C-466C-B647-099475DA72A6}.Release|Any CPU.Build.0 = Release|Any CPU
		{43BDC0F3-F3C6-4F06-9EC1-ABFCFDD57FD9}.Debug|Any CPU.ActiveCfg = Debug|Any CPU
		{43BDC0F3-F3C6-4F06-9EC1-ABFCFDD57FD9}.Debug|Any CPU.Build.0 = Debug|Any CPU
		{43BDC0F3-F3C6-4F06-9EC1-ABFCFDD57FD9}.Release|Any CPU.ActiveCfg = Release|Any CPU
		{43BDC0F3-F3C6-4F06-9EC1-ABFCFDD57FD9}.Release|Any CPU.Build.0 = Release|Any CPU
		{B23BD248-6E93-492B-AF18-CD395A7434AB}.Debug|Any CPU.ActiveCfg = Debug|Any CPU
		{B23BD248-6E93-492B-AF18-CD395A7434AB}.Debug|Any CPU.Build.0 = Debug|Any CPU
		{B23BD248-6E93-492B-AF18-CD395A7434AB}.Release|Any CPU.ActiveCfg = Release|Any CPU
		{B23BD248-6E93-492B-AF18-CD395A7434AB}.Release|Any CPU.Build.0 = Release|Any CPU
		{DE9327F2-E0B8-4001-BB15-64ED6605C1CD}.Debug|Any CPU.ActiveCfg = Debug|Any CPU
		{DE9327F2-E0B8-4001-BB15-64ED6605C1CD}.Debug|Any CPU.Build.0 = Debug|Any CPU
		{DE9327F2-E0B8-4001-BB15-64ED6605C1CD}.Release|Any CPU.ActiveCfg = Release|Any CPU
		{DE9327F2-E0B8-4001-BB15-64ED6605C1CD}.Release|Any CPU.Build.0 = Release|Any CPU
		{BEA9E2B3-5A08-4B39-AAB4-324A177DC7FB}.Debug|Any CPU.ActiveCfg = Debug|Any CPU
		{BEA9E2B3-5A08-4B39-AAB4-324A177DC7FB}.Debug|Any CPU.Build.0 = Debug|Any CPU
		{BEA9E2B3-5A08-4B39-AAB4-324A177DC7FB}.Release|Any CPU.ActiveCfg = Release|Any CPU
		{BEA9E2B3-5A08-4B39-AAB4-324A177DC7FB}.Release|Any CPU.Build.0 = Release|Any CPU
		{052852A2-F625-4F28-AEF2-6CAAD754468D}.Debug|Any CPU.ActiveCfg = Debug|Any CPU
		{052852A2-F625-4F28-AEF2-6CAAD754468D}.Debug|Any CPU.Build.0 = Debug|Any CPU
		{052852A2-F625-4F28-AEF2-6CAAD754468D}.Release|Any CPU.ActiveCfg = Release|Any CPU
		{052852A2-F625-4F28-AEF2-6CAAD754468D}.Release|Any CPU.Build.0 = Release|Any CPU
		{09DAA604-9E1E-4379-9C00-C55544668AA7}.Debug|Any CPU.ActiveCfg = Debug|Any CPU
		{09DAA604-9E1E-4379-9C00-C55544668AA7}.Debug|Any CPU.Build.0 = Debug|Any CPU
		{09DAA604-9E1E-4379-9C00-C55544668AA7}.Release|Any CPU.ActiveCfg = Release|Any CPU
		{09DAA604-9E1E-4379-9C00-C55544668AA7}.Release|Any CPU.Build.0 = Release|Any CPU
		{A17A3A77-9DB4-4514-97AA-315451089E46}.Debug|Any CPU.ActiveCfg = Debug|Any CPU
		{A17A3A77-9DB4-4514-97AA-315451089E46}.Debug|Any CPU.Build.0 = Debug|Any CPU
		{A17A3A77-9DB4-4514-97AA-315451089E46}.Release|Any CPU.ActiveCfg = Release|Any CPU
		{A17A3A77-9DB4-4514-97AA-315451089E46}.Release|Any CPU.Build.0 = Release|Any CPU
	EndGlobalSection
	GlobalSection(SolutionProperties) = preSolution
		HideSolutionNode = FALSE
	EndGlobalSection
	GlobalSection(NestedProjects) = preSolution
		{217B6586-5D80-4181-8B20-7D9F7998E030} = {45F6ED77-98AD-45C9-A9C9-C8C29CC21F36}
		{8B042F58-B72E-448A-91F8-A8A4B65C2934} = {45F6ED77-98AD-45C9-A9C9-C8C29CC21F36}
		{30C5FB3E-2CE5-45BE-92CF-7B0AC66DB00C} = {45F6ED77-98AD-45C9-A9C9-C8C29CC21F36}
		{DC094DF2-F1CC-4141-BA32-5992F156A646} = {45F6ED77-98AD-45C9-A9C9-C8C29CC21F36}
		{2984E335-E55F-48ED-B126-8818E16DEB0C} = {5FEC8515-6F21-45F7-B3A8-6D6CD4BEA6FF}
		{AB02E323-953D-4A26-B6D7-900EC7229631} = {5FEC8515-6F21-45F7-B3A8-6D6CD4BEA6FF}
		{A27FC228-EB7A-4844-97AF-AA83360D7D85} = {5FEC8515-6F21-45F7-B3A8-6D6CD4BEA6FF}
		{146678BD-C781-49DD-94AA-36DDC4239BB8} = {5FEC8515-6F21-45F7-B3A8-6D6CD4BEA6FF}
		{38880903-7C6C-466C-B647-099475DA72A6} = {DAD364B4-51B9-47B6-B9C4-F98F1BAD3027}
		{43BDC0F3-F3C6-4F06-9EC1-ABFCFDD57FD9} = {DAD364B4-51B9-47B6-B9C4-F98F1BAD3027}
		{B23BD248-6E93-492B-AF18-CD395A7434AB} = {DAD364B4-51B9-47B6-B9C4-F98F1BAD3027}
		{DE9327F2-E0B8-4001-BB15-64ED6605C1CD} = {DAD364B4-51B9-47B6-B9C4-F98F1BAD3027}
		{BEA9E2B3-5A08-4B39-AAB4-324A177DC7FB} = {47AC621D-F9B8-4193-895A-BFE110A6A448}
		{052852A2-F625-4F28-AEF2-6CAAD754468D} = {47AC621D-F9B8-4193-895A-BFE110A6A448}
		{09DAA604-9E1E-4379-9C00-C55544668AA7} = {47AC621D-F9B8-4193-895A-BFE110A6A448}
		{A17A3A77-9DB4-4514-97AA-315451089E46} = {47AC621D-F9B8-4193-895A-BFE110A6A448}
	EndGlobalSection
	GlobalSection(ExtensibilityGlobals) = postSolution
		SolutionGuid = {39882766-77E7-4202-9B21-B41A7D198819}
	EndGlobalSection
EndGlobal
